
Microsoft Visual Studio Solution File, Format Version 12.00
# Visual Studio Version 17
VisualStudioVersion = 17.7.34003.232
MinimumVisualStudioVersion = 10.0.40219.1
Project("{FAE04EC0-301F-11D3-BF4B-00C04F79EFBC}") = "greys", "greys\greys.csproj", "{5F98B679-6DDC-4850-9FCA-B9EE10638CC1}"
EndProject
Global
	GlobalSection(SolutionConfigurationPlatforms) = preSolution
		Debug|Any CPU = Debug|Any CPU
		Release|Any CPU = Release|Any CPU
	EndGlobalSection
	GlobalSection(ProjectConfigurationPlatforms) = postSolution
		{5F98B679-6DDC-4850-9FCA-B9EE10638CC1}.Debug|Any CPU.ActiveCfg = Debug|Any CPU
		{5F98B679-6DDC-4850-9FCA-B9EE10638CC1}.Debug|Any CPU.Build.0 = Debug|Any CPU
		{5F98B679-6DDC-4850-9FCA-B9EE10638CC1}.Release|Any CPU.ActiveCfg = Release|Any CPU
		{5F98B679-6DDC-4850-9FCA-B9EE10638CC1}.Release|Any CPU.Build.0 = Release|Any CPU
	EndGlobalSection
	GlobalSection(SolutionProperties) = preSolution
		HideSolutionNode = FALSE
	EndGlobalSection
	GlobalSection(ExtensibilityGlobals) = postSolution
		SolutionGuid = {BD3B9F5F-7526-4889-BE98-F9B1040F175B}
	EndGlobalSection
EndGlobal
